
Microsoft Visual Studio Solution File, Format Version 11.00
# Visual Studio 2010
Project("{FAE04EC0-301F-11D3-BF4B-00C04F79EFBC}") = "AstarPathfindingProject", "AstarPathfindingProject.csproj", "{b4b115b4-57dc-8579-e3a7-f6b381950ed3}"
EndProject
Project("{FAE04EC0-301F-11D3-BF4B-00C04F79EFBC}") = "Assembly-CSharp", "Assembly-CSharp.csproj", "{186c2872-9b62-1f49-a59b-c3ed59dc9f84}"
EndProject
Project("{FAE04EC0-301F-11D3-BF4B-00C04F79EFBC}") = "Assembly-CSharp-Editor", "Assembly-CSharp-Editor.csproj", "{34392933-555f-13b5-5d3b-009b9d1533f3}"
EndProject
Project("{FAE04EC0-301F-11D3-BF4B-00C04F79EFBC}") = "AstarPathfindingProjectEditor", "AstarPathfindingProjectEditor.csproj", "{dc7417e9-e4f3-d02a-c569-e576618d9f7a}"
EndProject
Project("{FAE04EC0-301F-11D3-BF4B-00C04F79EFBC}") = "PackageToolsEditor", "PackageToolsEditor.csproj", "{61a9cb93-ad1a-3664-a70d-a20767325f0e}"
EndProject
Global
	GlobalSection(SolutionConfigurationPlatforms) = preSolution
		Debug|Any CPU = Debug|Any CPU
	EndGlobalSection
	GlobalSection(ProjectConfigurationPlatforms) = postSolution
		{b4b115b4-57dc-8579-e3a7-f6b381950ed3}.Debug|Any CPU.ActiveCfg = Debug|Any CPU
		{b4b115b4-57dc-8579-e3a7-f6b381950ed3}.Debug|Any CPU.Build.0 = Debug|Any CPU
		{186c2872-9b62-1f49-a59b-c3ed59dc9f84}.Debug|Any CPU.ActiveCfg = Debug|Any CPU
		{186c2872-9b62-1f49-a59b-c3ed59dc9f84}.Debug|Any CPU.Build.0 = Debug|Any CPU
		{34392933-555f-13b5-5d3b-009b9d1533f3}.Debug|Any CPU.ActiveCfg = Debug|Any CPU
		{34392933-555f-13b5-5d3b-009b9d1533f3}.Debug|Any CPU.Build.0 = Debug|Any CPU
		{dc7417e9-e4f3-d02a-c569-e576618d9f7a}.Debug|Any CPU.ActiveCfg = Debug|Any CPU
		{dc7417e9-e4f3-d02a-c569-e576618d9f7a}.Debug|Any CPU.Build.0 = Debug|Any CPU
		{61a9cb93-ad1a-3664-a70d-a20767325f0e}.Debug|Any CPU.ActiveCfg = Debug|Any CPU
		{61a9cb93-ad1a-3664-a70d-a20767325f0e}.Debug|Any CPU.Build.0 = Debug|Any CPU
	EndGlobalSection
	GlobalSection(SolutionProperties) = preSolution
		HideSolutionNode = FALSE
	EndGlobalSection
EndGlobal
