
Microsoft Visual Studio Solution File, Format Version 12.00
# Visual Studio 15
Project("{FAE04EC0-301F-11D3-BF4B-00C04F79EFBC}") = "AstarPathfindingProject", "AstarPathfindingProject.csproj", "{B415B1B4-DC57-7985-E3A7-F6B381950ED3}"
EndProject
Project("{FAE04EC0-301F-11D3-BF4B-00C04F79EFBC}") = "Assembly-CSharp", "Assembly-CSharp.csproj", "{72286C18-629B-491F-A59B-C3ED59DC9F84}"
EndProject
Project("{FAE04EC0-301F-11D3-BF4B-00C04F79EFBC}") = "AstarPathfindingProjectEditor", "AstarPathfindingProjectEditor.csproj", "{E91774DC-F3E4-2AD0-C569-E576618D9F7A}"
EndProject
Project("{FAE04EC0-301F-11D3-BF4B-00C04F79EFBC}") = "PackageToolsEditor", "PackageToolsEditor.csproj", "{93CBA961-1AAD-6436-A70D-A20767325F0E}"
EndProject
Project("{FAE04EC0-301F-11D3-BF4B-00C04F79EFBC}") = "Assembly-CSharp-Editor", "Assembly-CSharp-Editor.csproj", "{33293934-5F55-B513-5D3B-009B9D1533F3}"
EndProject
Global
	GlobalSection(SolutionConfigurationPlatforms) = preSolution
		Debug|Any CPU = Debug|Any CPU
		Release|Any CPU = Release|Any CPU
	EndGlobalSection
	GlobalSection(ProjectConfigurationPlatforms) = postSolution
		{B415B1B4-DC57-7985-E3A7-F6B381950ED3}.Debug|Any CPU.ActiveCfg = Debug|Any CPU
		{B415B1B4-DC57-7985-E3A7-F6B381950ED3}.Debug|Any CPU.Build.0 = Debug|Any CPU
		{B415B1B4-DC57-7985-E3A7-F6B381950ED3}.Release|Any CPU.ActiveCfg = Release|Any CPU
		{B415B1B4-DC57-7985-E3A7-F6B381950ED3}.Release|Any CPU.Build.0 = Release|Any CPU
		{72286C18-629B-491F-A59B-C3ED59DC9F84}.Debug|Any CPU.ActiveCfg = Debug|Any CPU
		{72286C18-629B-491F-A59B-C3ED59DC9F84}.Debug|Any CPU.Build.0 = Debug|Any CPU
		{72286C18-629B-491F-A59B-C3ED59DC9F84}.Release|Any CPU.ActiveCfg = Release|Any CPU
		{72286C18-629B-491F-A59B-C3ED59DC9F84}.Release|Any CPU.Build.0 = Release|Any CPU
		{E91774DC-F3E4-2AD0-C569-E576618D9F7A}.Debug|Any CPU.ActiveCfg = Debug|Any CPU
		{E91774DC-F3E4-2AD0-C569-E576618D9F7A}.Debug|Any CPU.Build.0 = Debug|Any CPU
		{E91774DC-F3E4-2AD0-C569-E576618D9F7A}.Release|Any CPU.ActiveCfg = Release|Any CPU
		{E91774DC-F3E4-2AD0-C569-E576618D9F7A}.Release|Any CPU.Build.0 = Release|Any CPU
		{93CBA961-1AAD-6436-A70D-A20767325F0E}.Debug|Any CPU.ActiveCfg = Debug|Any CPU
		{93CBA961-1AAD-6436-A70D-A20767325F0E}.Debug|Any CPU.Build.0 = Debug|Any CPU
		{93CBA961-1AAD-6436-A70D-A20767325F0E}.Release|Any CPU.ActiveCfg = Release|Any CPU
		{93CBA961-1AAD-6436-A70D-A20767325F0E}.Release|Any CPU.Build.0 = Release|Any CPU
		{33293934-5F55-B513-5D3B-009B9D1533F3}.Debug|Any CPU.ActiveCfg = Debug|Any CPU
		{33293934-5F55-B513-5D3B-009B9D1533F3}.Debug|Any CPU.Build.0 = Debug|Any CPU
		{33293934-5F55-B513-5D3B-009B9D1533F3}.Release|Any CPU.ActiveCfg = Release|Any CPU
		{33293934-5F55-B513-5D3B-009B9D1533F3}.Release|Any CPU.Build.0 = Release|Any CPU
	EndGlobalSection
	GlobalSection(SolutionProperties) = preSolution
		HideSolutionNode = FALSE
	EndGlobalSection
EndGlobal
